// !$*UTF8*$!
{
	archiveVersion = 1;
	classes = {
	};
	objectVersion = 60;
	objects = {

/* Begin PBXBuildFile section */
		0B4AAA9A2C2F3089003897D2 /* Question.swift in Sources */ = {isa = PBXBuildFile; fileRef = 0B4AAA992C2F3089003897D2 /* Question.swift */; };
		0B4AAA9E2C2F31FC003897D2 /* ChoiceTextView.swift in Sources */ = {isa = PBXBuildFile; fileRef = 0B4AAA9D2C2F31FC003897D2 /* ChoiceTextView.swift */; };
		0B4AAAA02C2F9C27003897D2 /* Game.swift in Sources */ = {isa = PBXBuildFile; fileRef = 0B4AAA9F2C2F9C27003897D2 /* Game.swift */; };
		0B87D1E52C2B3872003F055E /* Code_HistoryApp.swift in Sources */ = {isa = PBXBuildFile; fileRef = 0B87D1E42C2B3872003F055E /* Code_HistoryApp.swift */; };
		0B87D1E72C2B3872003F055E /* GameView.swift in Sources */ = {isa = PBXBuildFile; fileRef = 0B87D1E62C2B3872003F055E /* GameView.swift */; };
		0B87D1E92C2B3873003F055E /* Assets.xcassets in Resources */ = {isa = PBXBuildFile; fileRef = 0B87D1E82C2B3873003F055E /* Assets.xcassets */; };
		0B87D1EC2C2B3873003F055E /* Preview Assets.xcassets in Resources */ = {isa = PBXBuildFile; fileRef = 0B87D1EB2C2B3873003F055E /* Preview Assets.xcassets */; };
		0BC7D79D2C305E6C00EC7ACF /* WelcomeView.swift in Sources */ = {isa = PBXBuildFile; fileRef = 0BC7D79C2C305E6C00EC7ACF /* WelcomeView.swift */; };
		0BC7D79F2C3062A600EC7ACF /* GameColor.swift in Sources */ = {isa = PBXBuildFile; fileRef = 0BC7D79E2C3062A600EC7ACF /* GameColor.swift */; };
		0BC7D7A12C30684800EC7ACF /* BottomTextView.swift in Sources */ = {isa = PBXBuildFile; fileRef = 0BC7D7A02C30684800EC7ACF /* BottomTextView.swift */; };
		0BC7D7A42C307E6F00EC7ACF /* GameViewModel.swift in Sources */ = {isa = PBXBuildFile; fileRef = 0BC7D7A32C307E6F00EC7ACF /* GameViewModel.swift */; };
		0BC7D7A62C3081F600EC7ACF /* QuestionView.swift in Sources */ = {isa = PBXBuildFile; fileRef = 0BC7D7A52C3081F600EC7ACF /* QuestionView.swift */; };
/* End PBXBuildFile section */

/* Begin PBXFileReference section */
		0B4AAA992C2F3089003897D2 /* Question.swift */ = {isa = PBXFileReference; lastKnownFileType = sourcecode.swift; path = Question.swift; sourceTree = "<group>"; };
		0B4AAA9D2C2F31FC003897D2 /* ChoiceTextView.swift */ = {isa = PBXFileReference; lastKnownFileType = sourcecode.swift; path = ChoiceTextView.swift; sourceTree = "<group>"; };
		0B4AAA9F2C2F9C27003897D2 /* Game.swift */ = {isa = PBXFileReference; lastKnownFileType = sourcecode.swift; path = Game.swift; sourceTree = "<group>"; };
		0B87D1E12C2B3872003F055E /* Code History.app */ = {isa = PBXFileReference; explicitFileType = wrapper.application; includeInIndex = 0; path = "Code History.app"; sourceTree = BUILT_PRODUCTS_DIR; };
		0B87D1E42C2B3872003F055E /* Code_HistoryApp.swift */ = {isa = PBXFileReference; lastKnownFileType = sourcecode.swift; path = Code_HistoryApp.swift; sourceTree = "<group>"; };
		0B87D1E62C2B3872003F055E /* GameView.swift */ = {isa = PBXFileReference; lastKnownFileType = sourcecode.swift; path = GameView.swift; sourceTree = "<group>"; };
		0B87D1E82C2B3873003F055E /* Assets.xcassets */ = {isa = PBXFileReference; lastKnownFileType = folder.assetcatalog; path = Assets.xcassets; sourceTree = "<group>"; };
		0B87D1EB2C2B3873003F055E /* Preview Assets.xcassets */ = {isa = PBXFileReference; lastKnownFileType = folder.assetcatalog; path = "Preview Assets.xcassets"; sourceTree = "<group>"; };
		0BC7D79C2C305E6C00EC7ACF /* WelcomeView.swift */ = {isa = PBXFileReference; lastKnownFileType = sourcecode.swift; path = WelcomeView.swift; sourceTree = "<group>"; };
		0BC7D79E2C3062A600EC7ACF /* GameColor.swift */ = {isa = PBXFileReference; lastKnownFileType = sourcecode.swift; path = GameColor.swift; sourceTree = "<group>"; };
		0BC7D7A02C30684800EC7ACF /* BottomTextView.swift */ = {isa = PBXFileReference; lastKnownFileType = sourcecode.swift; path = BottomTextView.swift; sourceTree = "<group>"; };
		0BC7D7A32C307E6F00EC7ACF /* GameViewModel.swift */ = {isa = PBXFileReference; lastKnownFileType = sourcecode.swift; path = GameViewModel.swift; sourceTree = "<group>"; };
		0BC7D7A52C3081F600EC7ACF /* QuestionView.swift */ = {isa = PBXFileReference; lastKnownFileType = sourcecode.swift; name = QuestionView.swift; path = "Code History/Views/QuestionView.swift"; sourceTree = SOURCE_ROOT; };
/* End PBXFileReference section */

/* Begin PBXFrameworksBuildPhase section */
		0B87D1DE2C2B3872003F055E /* Frameworks */ = {
			isa = PBXFrameworksBuildPhase;
			buildActionMask = 2147483647;
			files = (
			);
			runOnlyForDeploymentPostprocessing = 0;
		};
/* End PBXFrameworksBuildPhase section */

/* Begin PBXGroup section */
		0B4AAAA12C2F9CA7003897D2 /* Models */ = {
			isa = PBXGroup;
			children = (
				0B4AAA9F2C2F9C27003897D2 /* Game.swift */,
				0B4AAA992C2F3089003897D2 /* Question.swift */,
			);
			path = Models;
			sourceTree = "<group>";
		};
		0B4AAAA22C2F9CF1003897D2 /* Views */ = {
			isa = PBXGroup;
			children = (
				0B4AAA9D2C2F31FC003897D2 /* ChoiceTextView.swift */,
				0B87D1E62C2B3872003F055E /* GameView.swift */,
				0BC7D79C2C305E6C00EC7ACF /* WelcomeView.swift */,
				0BC7D79E2C3062A600EC7ACF /* GameColor.swift */,
				0BC7D7A02C30684800EC7ACF /* BottomTextView.swift */,
			);
			path = Views;
			sourceTree = "<group>";
		};
		0B87D1D82C2B3872003F055E = {
			isa = PBXGroup;
			children = (
				0B87D1E32C2B3872003F055E /* Code History */,
				0B87D1E22C2B3872003F055E /* Products */,
			);
			sourceTree = "<group>";
		};
		0B87D1E22C2B3872003F055E /* Products */ = {
			isa = PBXGroup;
			children = (
				0B87D1E12C2B3872003F055E /* Code History.app */,
			);
			name = Products;
			sourceTree = "<group>";
		};
		0B87D1E32C2B3872003F055E /* Code History */ = {
			isa = PBXGroup;
			children = (
				0B87D1E42C2B3872003F055E /* Code_HistoryApp.swift */,
				0B4AAAA12C2F9CA7003897D2 /* Models */,
				0B4AAAA22C2F9CF1003897D2 /* Views */,
				0BC7D7A22C307E2000EC7ACF /* ViewModels */,
				0B87D1E82C2B3873003F055E /* Assets.xcassets */,
				0B87D1EA2C2B3873003F055E /* Preview Content */,
			);
			path = "Code History";
			sourceTree = "<group>";
		};
		0B87D1EA2C2B3873003F055E /* Preview Content */ = {
			isa = PBXGroup;
			children = (
				0B87D1EB2C2B3873003F055E /* Preview Assets.xcassets */,
			);
			path = "Preview Content";
			sourceTree = "<group>";
		};
		0BC7D7A22C307E2000EC7ACF /* ViewModels */ = {
			isa = PBXGroup;
			children = (
				0BC7D7A32C307E6F00EC7ACF /* GameViewModel.swift */,
				0BC7D7A52C3081F600EC7ACF /* QuestionView.swift */,
			);
			path = ViewModels;
			sourceTree = "<group>";
		};
/* End PBXGroup section */

/* Begin PBXNativeTarget section */
		0B87D1E02C2B3872003F055E /* Code History */ = {
			isa = PBXNativeTarget;
			buildConfigurationList = 0B87D1EF2C2B3873003F055E /* Build configuration list for PBXNativeTarget "Code History" */;
			buildPhases = (
				0B87D1DD2C2B3872003F055E /* Sources */,
				0B87D1DE2C2B3872003F055E /* Frameworks */,
				0B87D1DF2C2B3872003F055E /* Resources */,
			);
			buildRules = (
			);
			dependencies = (
			);
			name = "Code History";
			productName = "Code History";
			productReference = 0B87D1E12C2B3872003F055E /* Code History.app */;
			productType = "com.apple.product-type.application";
		};
/* End PBXNativeTarget section */

/* Begin PBXProject section */
		0B87D1D92C2B3872003F055E /* Project object */ = {
			isa = PBXProject;
			attributes = {
				BuildIndependentTargetsInParallel = 1;
				LastSwiftUpdateCheck = 1600;
				LastUpgradeCheck = 1600;
				TargetAttributes = {
					0B87D1E02C2B3872003F055E = {
						CreatedOnToolsVersion = 16.0;
					};
				};
			};
			buildConfigurationList = 0B87D1DC2C2B3872003F055E /* Build configuration list for PBXProject "Code History" */;
			compatibilityVersion = "Xcode 15.0";
			developmentRegion = en;
			hasScannedForEncodings = 0;
			knownRegions = (
				en,
				Base,
			);
			mainGroup = 0B87D1D82C2B3872003F055E;
			productRefGroup = 0B87D1E22C2B3872003F055E /* Products */;
			projectDirPath = "";
			projectRoot = "";
			targets = (
				0B87D1E02C2B3872003F055E /* Code History */,
			);
		};
/* End PBXProject section */

/* Begin PBXResourcesBuildPhase section */
		0B87D1DF2C2B3872003F055E /* Resources */ = {
			isa = PBXResourcesBuildPhase;
			buildActionMask = 2147483647;
			files = (
				0B87D1EC2C2B3873003F055E /* Preview Assets.xcassets in Resources */,
				0B87D1E92C2B3873003F055E /* Assets.xcassets in Resources */,
			);
			runOnlyForDeploymentPostprocessing = 0;
		};
/* End PBXResourcesBuildPhase section */

/* Begin PBXSourcesBuildPhase section */
		0B87D1DD2C2B3872003F055E /* Sources */ = {
			isa = PBXSourcesBuildPhase;
			buildActionMask = 2147483647;
			files = (
				0BC7D7A62C3081F600EC7ACF /* QuestionView.swift in Sources */,
				0BC7D7A42C307E6F00EC7ACF /* GameViewModel.swift in Sources */,
				0B4AAA9A2C2F3089003897D2 /* Question.swift in Sources */,
				0BC7D79D2C305E6C00EC7ACF /* WelcomeView.swift in Sources */,
				0B4AAAA02C2F9C27003897D2 /* Game.swift in Sources */,
				0B87D1E72C2B3872003F055E /* GameView.swift in Sources */,
				0BC7D7A12C30684800EC7ACF /* BottomTextView.swift in Sources */,
				0BC7D79F2C3062A600EC7ACF /* GameColor.swift in Sources */,
				0B4AAA9E2C2F31FC003897D2 /* ChoiceTextView.swift in Sources */,
				0B87D1E52C2B3872003F055E /* Code_HistoryApp.swift in Sources */,
			);
			runOnlyForDeploymentPostprocessing = 0;
		};
/* End PBXSourcesBuildPhase section */

/* Begin XCBuildConfiguration section */
		0B87D1ED2C2B3873003F055E /* Debug */ = {
			isa = XCBuildConfiguration;
			buildSettings = {
				ALWAYS_SEARCH_USER_PATHS = NO;
				ASSETCATALOG_COMPILER_GENERATE_SWIFT_ASSET_SYMBOL_EXTENSIONS = YES;
				CLANG_ANALYZER_NONNULL = YES;
				CLANG_ANALYZER_NUMBER_OBJECT_CONVERSION = YES_AGGRESSIVE;
				CLANG_CXX_LANGUAGE_STANDARD = "gnu++20";
				CLANG_ENABLE_MODULES = YES;
				CLANG_ENABLE_OBJC_ARC = YES;
				CLANG_ENABLE_OBJC_WEAK = YES;
				CLANG_WARN_BLOCK_CAPTURE_AUTORELEASING = YES;
				CLANG_WARN_BOOL_CONVERSION = YES;
				CLANG_WARN_COMMA = YES;
				CLANG_WARN_CONSTANT_CONVERSION = YES;
				CLANG_WARN_DEPRECATED_OBJC_IMPLEMENTATIONS = YES;
				CLANG_WARN_DIRECT_OBJC_ISA_USAGE = YES_ERROR;
				CLANG_WARN_DOCUMENTATION_COMMENTS = YES;
				CLANG_WARN_EMPTY_BODY = YES;
				CLANG_WARN_ENUM_CONVERSION = YES;
				CLANG_WARN_INFINITE_RECURSION = YES;
				CLANG_WARN_INT_CONVERSION = YES;
				CLANG_WARN_NON_LITERAL_NULL_CONVERSION = YES;
				CLANG_WARN_OBJC_IMPLICIT_RETAIN_SELF = YES;
				CLANG_WARN_OBJC_LITERAL_CONVERSION = YES;
				CLANG_WARN_OBJC_ROOT_CLASS = YES_ERROR;
				CLANG_WARN_QUOTED_INCLUDE_IN_FRAMEWORK_HEADER = YES;
				CLANG_WARN_RANGE_LOOP_ANALYSIS = YES;
				CLANG_WARN_STRICT_PROTOTYPES = YES;
				CLANG_WARN_SUSPICIOUS_MOVE = YES;
				CLANG_WARN_UNGUARDED_AVAILABILITY = YES_AGGRESSIVE;
				CLANG_WARN_UNREACHABLE_CODE = YES;
				CLANG_WARN__DUPLICATE_METHOD_MATCH = YES;
				COPY_PHASE_STRIP = NO;
				DEBUG_INFORMATION_FORMAT = dwarf;
				ENABLE_STRICT_OBJC_MSGSEND = YES;
				ENABLE_TESTABILITY = YES;
				ENABLE_USER_SCRIPT_SANDBOXING = YES;
				GCC_C_LANGUAGE_STANDARD = gnu17;
				GCC_DYNAMIC_NO_PIC = NO;
				GCC_NO_COMMON_BLOCKS = YES;
				GCC_OPTIMIZATION_LEVEL = 0;
				GCC_PREPROCESSOR_DEFINITIONS = (
					"DEBUG=1",
					"$(inherited)",
				);
				GCC_WARN_64_TO_32_BIT_CONVERSION = YES;
				GCC_WARN_ABOUT_RETURN_TYPE = YES_ERROR;
				GCC_WARN_UNDECLARED_SELECTOR = YES;
				GCC_WARN_UNINITIALIZED_AUTOS = YES_AGGRESSIVE;
				GCC_WARN_UNUSED_FUNCTION = YES;
				GCC_WARN_UNUSED_VARIABLE = YES;
				IPHONEOS_DEPLOYMENT_TARGET = 18.0;
				LOCALIZATION_PREFERS_STRING_CATALOGS = YES;
				MTL_ENABLE_DEBUG_INFO = INCLUDE_SOURCE;
				MTL_FAST_MATH = YES;
				ONLY_ACTIVE_ARCH = YES;
				SDKROOT = iphoneos;
				SWIFT_ACTIVE_COMPILATION_CONDITIONS = "DEBUG $(inherited)";
				SWIFT_OPTIMIZATION_LEVEL = "-Onone";
			};
			name = Debug;
		};
		0B87D1EE2C2B3873003F055E /* Release */ = {
			isa = XCBuildConfiguration;
			buildSettings = {
				ALWAYS_SEARCH_USER_PATHS = NO;
				ASSETCATALOG_COMPILER_GENERATE_SWIFT_ASSET_SYMBOL_EXTENSIONS = YES;
				CLANG_ANALYZER_NONNULL = YES;
				CLANG_ANALYZER_NUMBER_OBJECT_CONVERSION = YES_AGGRESSIVE;
				CLANG_CXX_LANGUAGE_STANDARD = "gnu++20";
				CLANG_ENABLE_MODULES = YES;
				CLANG_ENABLE_OBJC_ARC = YES;
				CLANG_ENABLE_OBJC_WEAK = YES;
				CLANG_WARN_BLOCK_CAPTURE_AUTORELEASING = YES;
				CLANG_WARN_BOOL_CONVERSION = YES;
				CLANG_WARN_COMMA = YES;
				CLANG_WARN_CONSTANT_CONVERSION = YES;
				CLANG_WARN_DEPRECATED_OBJC_IMPLEMENTATIONS = YES;
				CLANG_WARN_DIRECT_OBJC_ISA_USAGE = YES_ERROR;
				CLANG_WARN_DOCUMENTATION_COMMENTS = YES;
				CLANG_WARN_EMPTY_BODY = YES;
				CLANG_WARN_ENUM_CONVERSION = YES;
				CLANG_WARN_INFINITE_RECURSION = YES;
				CLANG_WARN_INT_CONVERSION = YES;
				CLANG_WARN_NON_LITERAL_NULL_CONVERSION = YES;
				CLANG_WARN_OBJC_IMPLICIT_RETAIN_SELF = YES;
				CLANG_WARN_OBJC_LITERAL_CONVERSION = YES;
				CLANG_WARN_OBJC_ROOT_CLASS = YES_ERROR;
				CLANG_WARN_QUOTED_INCLUDE_IN_FRAMEWORK_HEADER = YES;
				CLANG_WARN_RANGE_LOOP_ANALYSIS = YES;
				CLANG_WARN_STRICT_PROTOTYPES = YES;
				CLANG_WARN_SUSPICIOUS_MOVE = YES;
				CLANG_WARN_UNGUARDED_AVAILABILITY = YES_AGGRESSIVE;
				CLANG_WARN_UNREACHABLE_CODE = YES;
				CLANG_WARN__DUPLICATE_METHOD_MATCH = YES;
				COPY_PHASE_STRIP = NO;
				DEBUG_INFORMATION_FORMAT = "dwarf-with-dsym";
				ENABLE_NS_ASSERTIONS = NO;
				ENABLE_STRICT_OBJC_MSGSEND = YES;
				ENABLE_USER_SCRIPT_SANDBOXING = YES;
				GCC_C_LANGUAGE_STANDARD = gnu17;
				GCC_NO_COMMON_BLOCKS = YES;
				GCC_WARN_64_TO_32_BIT_CONVERSION = YES;
				GCC_WARN_ABOUT_RETURN_TYPE = YES_ERROR;
				GCC_WARN_UNDECLARED_SELECTOR = YES;
				GCC_WARN_UNINITIALIZED_AUTOS = YES_AGGRESSIVE;
				GCC_WARN_UNUSED_FUNCTION = YES;
				GCC_WARN_UNUSED_VARIABLE = YES;
				IPHONEOS_DEPLOYMENT_TARGET = 18.0;
				LOCALIZATION_PREFERS_STRING_CATALOGS = YES;
				MTL_ENABLE_DEBUG_INFO = NO;
				MTL_FAST_MATH = YES;
				SDKROOT = iphoneos;
				SWIFT_COMPILATION_MODE = wholemodule;
				VALIDATE_PRODUCT = YES;
			};
			name = Release;
		};
		0B87D1F02C2B3873003F055E /* Debug */ = {
			isa = XCBuildConfiguration;
			buildSettings = {
				ASSETCATALOG_COMPILER_APPICON_NAME = AppIcon;
				ASSETCATALOG_COMPILER_GLOBAL_ACCENT_COLOR_NAME = AccentColor;
				CODE_SIGN_STYLE = Automatic;
				CURRENT_PROJECT_VERSION = 1;
				DEVELOPMENT_ASSET_PATHS = "\"Code History/Preview Content\"";
				DEVELOPMENT_TEAM = CJU9NTVAVD;
				ENABLE_PREVIEWS = YES;
				GENERATE_INFOPLIST_FILE = YES;
				INFOPLIST_KEY_UIApplicationSceneManifest_Generation = YES;
				INFOPLIST_KEY_UIApplicationSupportsIndirectInputEvents = YES;
				INFOPLIST_KEY_UILaunchScreen_Generation = YES;
				INFOPLIST_KEY_UISupportedInterfaceOrientations_iPad = "UIInterfaceOrientationPortrait UIInterfaceOrientationPortraitUpsideDown UIInterfaceOrientationLandscapeLeft UIInterfaceOrientationLandscapeRight";
				INFOPLIST_KEY_UISupportedInterfaceOrientations_iPhone = "UIInterfaceOrientationPortrait UIInterfaceOrientationLandscapeLeft UIInterfaceOrientationLandscapeRight";
				LD_RUNPATH_SEARCH_PATHS = (
					"$(inherited)",
					"@executable_path/Frameworks",
				);
				MARKETING_VERSION = 1.0;
				PRODUCT_BUNDLE_IDENTIFIER = "com.tobydixonsmith.Code-History";
				PRODUCT_NAME = "$(TARGET_NAME)";
				SWIFT_EMIT_LOC_STRINGS = YES;
				SWIFT_VERSION = 5.0;
				TARGETED_DEVICE_FAMILY = "1,2";
			};
			name = Debug;
		};
		0B87D1F12C2B3873003F055E /* Release */ = {
			isa = XCBuildConfiguration;
			buildSettings = {
				ASSETCATALOG_COMPILER_APPICON_NAME = AppIcon;
				ASSETCATALOG_COMPILER_GLOBAL_ACCENT_COLOR_NAME = AccentColor;
				CODE_SIGN_STYLE = Automatic;
				CURRENT_PROJECT_VERSION = 1;
				DEVELOPMENT_ASSET_PATHS = "\"Code History/Preview Content\"";
				DEVELOPMENT_TEAM = CJU9NTVAVD;
				ENABLE_PREVIEWS = YES;
				GENERATE_INFOPLIST_FILE = YES;
				INFOPLIST_KEY_UIApplicationSceneManifest_Generation = YES;
				INFOPLIST_KEY_UIApplicationSupportsIndirectInputEvents = YES;
				INFOPLIST_KEY_UILaunchScreen_Generation = YES;
				INFOPLIST_KEY_UISupportedInterfaceOrientations_iPad = "UIInterfaceOrientationPortrait UIInterfaceOrientationPortraitUpsideDown UIInterfaceOrientationLandscapeLeft UIInterfaceOrientationLandscapeRight";
				INFOPLIST_KEY_UISupportedInterfaceOrientations_iPhone = "UIInterfaceOrientationPortrait UIInterfaceOrientationLandscapeLeft UIInterfaceOrientationLandscapeRight";
				LD_RUNPATH_SEARCH_PATHS = (
					"$(inherited)",
					"@executable_path/Frameworks",
				);
				MARKETING_VERSION = 1.0;
				PRODUCT_BUNDLE_IDENTIFIER = "com.tobydixonsmith.Code-History";
				PRODUCT_NAME = "$(TARGET_NAME)";
				SWIFT_EMIT_LOC_STRINGS = YES;
				SWIFT_VERSION = 5.0;
				TARGETED_DEVICE_FAMILY = "1,2";
			};
			name = Release;
		};
/* End XCBuildConfiguration section */

/* Begin XCConfigurationList section */
		0B87D1DC2C2B3872003F055E /* Build configuration list for PBXProject "Code History" */ = {
			isa = XCConfigurationList;
			buildConfigurations = (
				0B87D1ED2C2B3873003F055E /* Debug */,
				0B87D1EE2C2B3873003F055E /* Release */,
			);
			defaultConfigurationIsVisible = 0;
			defaultConfigurationName = Release;
		};
		0B87D1EF2C2B3873003F055E /* Build configuration list for PBXNativeTarget "Code History" */ = {
			isa = XCConfigurationList;
			buildConfigurations = (
				0B87D1F02C2B3873003F055E /* Debug */,
				0B87D1F12C2B3873003F055E /* Release */,
			);
			defaultConfigurationIsVisible = 0;
			defaultConfigurationName = Release;
		};
/* End XCConfigurationList section */
	};
	rootObject = 0B87D1D92C2B3872003F055E /* Project object */;
}
